{
  "name": "sin_npm_test",
  "version": "1.0.2",
  "lockfileVersion": 3,
  "requires": true,
  "packages": {
    "": {
      "name": "sin_npm_test",
      "version": "1.0.2",
      "license": "ISC",
      "workspaces": [
        "packages/*"
      ]
    },
    "node_modules/.pnpm/sin_npm_test@https+++codeload.github.com+Volshebnik09+npm_test+tar.gz+43c15f47d8f7375abb57902_227466ekgvnkf7fqrtyw7bjbje/node_modules/sin_npm_test": {
      "version": "1.0.2",
      "extraneous": true,
      "license": "ISC",
      "workspaces": [
        "packages/*"
      ]
    },
    "node_modules/@sin-npm-test/testing-pack": {
      "resolved": "packages/test",
      "link": true
    },
    "node_modules/dependency": {
      "resolved": "packages/dependency",
      "link": true
    },
    "node_modules/sin_npm_test": {
      "version": "1.0.2",
      "resolved": "git+ssh://git@github.com/Volshebnik09/npm_test.git#43c15f47d8f7375abb57902ddb65f3595bd6eca5",
      "license": "ISC",
      "workspaces": [
        "packages/*"
      ]
    },
    "packages/dependency": {
      "version": "1.0.0",
      "license": "ISC"
    },
    "packages/test": {
      "name": "@sin-npm-test/testing-pack",
      "version": "1.0.2",
      "license": "ISC",
      "dependencies": {
        "sin_npm_test": "github:Volshebnik09/npm_test"
      }
    }
  }
}
