lockfileVersion: '9.0'

settings:
  autoInstallPeers: true
  excludeLinksFromLockfile: false

importers:

  .: {}

  packages/dependency: {}

  packages/index:
    dependencies:
      dependency:
        specifier: workspace:^
        version: link:../dependency

  packages/test:
    dependencies:
      sin_npm_test:
        specifier: github:Volshebnik09/npm_test
        version: https://codeload.github.com/Volshebnik09/npm_test/tar.gz/43c15f47d8f7375abb57902ddb65f3595bd6eca5

packages:

  sin_npm_test@https://codeload.github.com/Volshebnik09/npm_test/tar.gz/43c15f47d8f7375abb57902ddb65f3595bd6eca5:
    resolution: {tarball: https://codeload.github.com/Volshebnik09/npm_test/tar.gz/43c15f47d8f7375abb57902ddb65f3595bd6eca5}
    version: 1.0.2

snapshots:

  sin_npm_test@https://codeload.github.com/Volshebnik09/npm_test/tar.gz/43c15f47d8f7375abb57902ddb65f3595bd6eca5: {}
